# THIS IS AN AUTOGENERATED FILE. DO NOT EDIT THIS FILE DIRECTLY.
# yarn lockfile v1


a@^0.2.4:
  version "0.2.6"
  resolved "https://registry.yarnpkg.com/a/-/a-0.2.6.tgz#blahblahblah"
  integrity sha512-yadayadayada==
  dependencies:
    b "~2.1.0"

d@^1.0.2:
  version "1.0.2"
  resolved "https://registry.yarnpkg.com/d/-/d-1.0.2.tgz#blahblahblah"
  integrity sha512-yadayadayada==
  dependencies:
    a "^0.2.4"
    pr "0.2"
    or "~0.1.0"

p@~0.4.13:
  version "0.4.24"
  resolved "https://registry.yarnpkg.com/p/-/p-0.4.24.tgz#blahblahblah"
  integrity sha512-yadayadayada==
  dependencies:
    b ">= 2.1.2 < 3"
    pr "0.2"

pr@0.2:
  version "0.2.11"
  resolved "https://registry.yarnpkg.com/pr/-/pr-0.2.11.tgz#blahblahblah"
  integrity sha512-yadayadayada==

o@^0.1.2:
  version "0.1.2"
  resolved "https://registry.yarnpkg.com/o/-/o-0.1.2.tgz#blahblahblah"
  integrity sha512-yadayadayada==
  dependencies:
    or "~0.1.0"
    b "^2.1.0"

or@^0.1.1, or@~0.1.0:
  version "0.1.1"
  resolved "https://registry.yarnpkg.com/or/-/or-0.1.1.tgz#blahblahblah"
  integrity sha512-yadayadayada==

"b@>= 2.1.2 < 3", b@^2.1.0, b@~2.1.0:
  version "2.1.2"
  resolved "https://registry.yarnpkg.com/b/-/b-2.1.2.tgz#blahblahblah"
  integrity sha512-yadayadayada==
