# THIS IS AN AUTOGENERATED FILE. DO NOT EDIT THIS FILE DIRECTLY.
# yarn lockfile v1


a@~1.0.0:
  version "1.0.0"
  resolved "https://registry.yarnpkg.com/a/-/a-1.0.0.tgz#327ad06f3243b9da17bf09061d2827245ef2df1d"
  optionalDependencies:
    ao1 "~1.1.0"
    ao2 "~1.1.0"

ao1@~1.1.0:
  version "1.1.1"
  resolved "https://registry.yarnpkg.com/ao1/-/ao1-1.1.1.tgz#82069fc6d1f037624849b0bc3f519eef1855aec5"

ao2@~1.1.0:
  version "1.1.2"
  resolved "https://registry.yarnpkg.com/ao2/-/ao2-1.1.2.tgz#93170fc6d1f037624849b0bc3f519eef1855aec5"

"d@>=2":
  version "2.0.0"
  resolved "https://registry.yarnpkg.com/d/-/d-2.0.0.tgz#e864dcb05bc328674233db1a060d143bdb5bba7b"
  optionalDependencies:
    do1 "^2.1.0"
    do2 "^2.2.10"

do1@^2.1.0:
  version "2.1.0"
  resolved "https://registry.yarnpkg.com/do1/-/do1-2.1.0.tgz#3c941d578aac7018e6ea56d8b8fd8a57d518145e"
  dependencies:
    ao2 "~1.1.0"
  optionalDependencies:
    doo "^2.2.0"

do2@^2.1.0, do2@^2.2.10:
  version "2.2.11"
  resolved "https://registry.yarnpkg.com/do2/-/do2-2.2.11.tgz#2d4f6cc21d45d05b9391b63f7e561e7ec1285439"

doo@^2.2.0:
  version "2.2.0"
  resolved "https://registry.yarnpkg.com/doo/-/doo-2.2.0.tgz#fd6ff167c179c434693db62a367cfc501e601480"
  dependencies:
    do2 "^2.1.0"
  optionalDependencies:
    ao2 "~1.1.0"

o@^3.0.0:
  version "3.0.0"
  resolved "https://registry.yarnpkg.com/o/-/o-3.0.0.tgz#0cb5f3ea990c9be80750ac30af5e35830540bfd7"
  optionalDependencies:
    oo "^3.1"

oo@^3.1:
  version "3.1.0"
  resolved "https://registry.yarnpkg.com/oo/-/oo-3.1.0.tgz#091ad05949fdbe138ab8120a8aa6923f6d946af9"

p@latest:
  version "4.0.0"
  resolved "https://registry.yarnpkg.com/p/-/p-4.0.0.tgz#a26af2c925b74295d81c2363caded6b6bc2eca9b"
  optionalDependencies:
    po "~4.1.0"

po@~4.1.0:
  version "4.1.0"
  resolved "https://registry.yarnpkg.com/po/-/po-4.1.0.tgz#285dbeae4d7deb351cf795f287ea83ff7aafd7dc"
