# THIS IS AN AUTOGENERATED FILE. DO NOT EDIT THIS FILE DIRECTLY.
# yarn lockfile v1


a@~1.0.0:
  version "1.0.0"
  resolved "https://registry.yarnpkg.com/a/-/a-1.0.0.tgz#327ad06f3243b9da17bf09061d2827245ef2df1d"
  dependencies:
    ar1 "~1.1.0"
    ar2 "~1.1.0"

ar1@~1.1.0:
  version "1.1.1"
  resolved "https://registry.yarnpkg.com/ar1/-/ar1-1.1.1.tgz#ed8f0d240f2060f092d61f778c330aabd51526bb"

ar2@~1.1.0:
  version "1.1.2"
  resolved "https://registry.yarnpkg.com/ar2/-/ar2-1.1.2.tgz#93170fc6d1f037624849b0bc3f519eef1855aec5"
  dependencies:
    ar1 "~1.1.0"

"d@>=2":
  version "2.0.0"
  resolved "https://registry.yarnpkg.com/d/-/d-2.0.0.tgz#e864dcb05bc328674233db1a060d143bdb5bba7b"
  dependencies:
    dr1 "^2.1.0"
    dr2 "^2.2.0"

dr1@^2.1.0:
  version "2.1.0"
  resolved "https://registry.yarnpkg.com/dr1/-/dr1-2.1.0.tgz#3c941d578aac7018e6ea56d8b8fd8a57d518145e"

dr2@^2.2.0:
  version "2.2.0"
  resolved "https://registry.yarnpkg.com/dr2/-/dr2-2.2.0.tgz#fd6ff167c179c434693db62a367cfc501e601480"
  dependencies:
    dr1 "^2.1.0"

o@^3.0.0:
  version "3.0.0"
  resolved "https://registry.yarnpkg.com/o/-/o-3.0.0.tgz#0cb5f3ea990c9be80750ac30af5e35830540bfd7"
  dependencies:
    or1 "^3.1"
    or2 "^3.2.0"

or1@^3.1:
  version "3.1.0"
  resolved "https://registry.yarnpkg.com/or1/-/or1-3.1.0.tgz#091ad05949fdbe138ab8120a8aa6923f6d946af9"

or2@^3.2.0:
  version "3.2.0"
  resolved "https://registry.yarnpkg.com/or2/-/or2-3.2.0.tgz#5d524e704a413afbace3f0c851638af4f0d1518b"
  dependencies:
    or1 "^3.1"

p@latest:
  version "4.0.0"
  resolved "https://registry.yarnpkg.com/p/-/p-4.0.0.tgz#a26af2c925b74295d81c2363caded6b6bc2eca9b"
  dependencies:
    pr1 "~4.1.0"
    pr2 "^4.2.0"

pr1@~4.1.0:
  version "4.1.0"
  resolved "https://registry.yarnpkg.com/pr1/-/pr1-4.1.0.tgz#285dbeae4d7deb351cf795f287ea83ff7aafd7dc"

pr2@^4.2.0:
  version "4.2.0"
  resolved "https://registry.yarnpkg.com/pr2/-/pr2-4.2.0.tgz#ac47151f23c8803ace09635513e646624fad2f44"
  dependencies:
    pr1 "~4.1.0"
